// !$*UTF8*$!
{
	archiveVersion = 1;
	classes = {
	};
	objectVersion = 55;
	objects = {

/* Begin PBXBuildFile section */
		4111532B29080EC400ED22EA /* AppDelegate.swift in Sources */ = {isa = PBXBuildFile; fileRef = 4111532A29080EC400ED22EA /* AppDelegate.swift */; };
		4111532D29080EC400ED22EA /* SceneDelegate.swift in Sources */ = {isa = PBXBuildFile; fileRef = 4111532C29080EC400ED22EA /* SceneDelegate.swift */; };
		4111532F29080EC400ED22EA /* MovieViewController.swift in Sources */ = {isa = PBXBuildFile; fileRef = 4111532E29080EC400ED22EA /* MovieViewController.swift */; };
		4111533229080EC400ED22EA /* Main.storyboard in Resources */ = {isa = PBXBuildFile; fileRef = 4111533029080EC400ED22EA /* Main.storyboard */; };
		4111533429080ECB00ED22EA /* Assets.xcassets in Resources */ = {isa = PBXBuildFile; fileRef = 4111533329080ECB00ED22EA /* Assets.xcassets */; };
		4111533729080ECB00ED22EA /* LaunchScreen.storyboard in Resources */ = {isa = PBXBuildFile; fileRef = 4111533529080ECB00ED22EA /* LaunchScreen.storyboard */; };
		41115346290A9B1000ED22EA /* InfoMovieViewController.swift in Sources */ = {isa = PBXBuildFile; fileRef = 41115345290A9B1000ED22EA /* InfoMovieViewController.swift */; };
		41115349290A9BE100ED22EA /* MovieViewCell.swift in Sources */ = {isa = PBXBuildFile; fileRef = 41115348290A9BE100ED22EA /* MovieViewCell.swift */; };
		4111534D290A9C9200ED22EA /* MoviesData.swift in Sources */ = {isa = PBXBuildFile; fileRef = 4111534C290A9C9200ED22EA /* MoviesData.swift */; };
		4111534F290A9D2C00ED22EA /* NetworkService.swift in Sources */ = {isa = PBXBuildFile; fileRef = 4111534E290A9D2C00ED22EA /* NetworkService.swift */; };
		41115354290AD69600ED22EA /* Actor.swift in Sources */ = {isa = PBXBuildFile; fileRef = 41115353290AD69600ED22EA /* Actor.swift */; };
		41115356290ADBA100ED22EA /* ActorView.swift in Sources */ = {isa = PBXBuildFile; fileRef = 41115355290ADBA100ED22EA /* ActorView.swift */; };
		41115358290ADDFC00ED22EA /* InfoMovieCell.swift in Sources */ = {isa = PBXBuildFile; fileRef = 41115357290ADDFC00ED22EA /* InfoMovieCell.swift */; };
		41549B50290B37F000F8331A /* UIViewController+Extension.swift in Sources */ = {isa = PBXBuildFile; fileRef = 41549B4F290B37F000F8331A /* UIViewController+Extension.swift */; };
		41549B52290B4C0300F8331A /* HomaPageData.swift in Sources */ = {isa = PBXBuildFile; fileRef = 41549B51290B4C0300F8331A /* HomaPageData.swift */; };
		41549B54290B72CA00F8331A /* WKWebViewController.swift in Sources */ = {isa = PBXBuildFile; fileRef = 41549B53290B72C900F8331A /* WKWebViewController.swift */; };
		417606CB296C000B004665E9 /* Alamofire in Frameworks */ = {isa = PBXBuildFile; productRef = 417606CA296C000B004665E9 /* Alamofire */; };
		417606CE296C2BD2004665E9 /* SwiftyJSON in Frameworks */ = {isa = PBXBuildFile; productRef = 417606CD296C2BD2004665E9 /* SwiftyJSON */; };
		417606D3296C8B4F004665E9 /* PhotoLoadService.swift in Sources */ = {isa = PBXBuildFile; fileRef = 417606D2296C8B4F004665E9 /* PhotoLoadService.swift */; };
		417606D7296C9466004665E9 /* UIView+Extension.swift in Sources */ = {isa = PBXBuildFile; fileRef = 417606D6296C9466004665E9 /* UIView+Extension.swift */; };
		417606DA296C9E73004665E9 /* MainPresenter.swift in Sources */ = {isa = PBXBuildFile; fileRef = 417606D9296C9E73004665E9 /* MainPresenter.swift */; };
		41EE31EA296DA8A7005A0EAE /* AssembleBuilder.swift in Sources */ = {isa = PBXBuildFile; fileRef = 41EE31E9296DA8A7005A0EAE /* AssembleBuilder.swift */; };
		41EE31EC296DE4E2005A0EAE /* InfoMoviePresenter.swift in Sources */ = {isa = PBXBuildFile; fileRef = 41EE31EB296DE4E2005A0EAE /* InfoMoviePresenter.swift */; };
		41EE31F0296E04EA005A0EAE /* MainRouter.swift in Sources */ = {isa = PBXBuildFile; fileRef = 41EE31EF296E04EA005A0EAE /* MainRouter.swift */; };
/* End PBXBuildFile section */

/* Begin PBXFileReference section */
		4111532729080EC400ED22EA /* movie_REST_API.app */ = {isa = PBXFileReference; explicitFileType = wrapper.application; includeInIndex = 0; path = movie_REST_API.app; sourceTree = BUILT_PRODUCTS_DIR; };
		4111532A29080EC400ED22EA /* AppDelegate.swift */ = {isa = PBXFileReference; lastKnownFileType = sourcecode.swift; path = AppDelegate.swift; sourceTree = "<group>"; };
		4111532C29080EC400ED22EA /* SceneDelegate.swift */ = {isa = PBXFileReference; lastKnownFileType = sourcecode.swift; path = SceneDelegate.swift; sourceTree = "<group>"; };
		4111532E29080EC400ED22EA /* MovieViewController.swift */ = {isa = PBXFileReference; lastKnownFileType = sourcecode.swift; path = MovieViewController.swift; sourceTree = "<group>"; };
		4111533129080EC400ED22EA /* Base */ = {isa = PBXFileReference; lastKnownFileType = file.storyboard; name = Base; path = Base.lproj/Main.storyboard; sourceTree = "<group>"; };
		4111533329080ECB00ED22EA /* Assets.xcassets */ = {isa = PBXFileReference; lastKnownFileType = folder.assetcatalog; path = Assets.xcassets; sourceTree = "<group>"; };
		4111533629080ECB00ED22EA /* Base */ = {isa = PBXFileReference; lastKnownFileType = file.storyboard; name = Base; path = Base.lproj/LaunchScreen.storyboard; sourceTree = "<group>"; };
		4111533829080ECB00ED22EA /* Info.plist */ = {isa = PBXFileReference; lastKnownFileType = text.plist.xml; path = Info.plist; sourceTree = "<group>"; };
		41115345290A9B1000ED22EA /* InfoMovieViewController.swift */ = {isa = PBXFileReference; lastKnownFileType = sourcecode.swift; path = InfoMovieViewController.swift; sourceTree = "<group>"; };
		41115348290A9BE100ED22EA /* MovieViewCell.swift */ = {isa = PBXFileReference; lastKnownFileType = sourcecode.swift; path = MovieViewCell.swift; sourceTree = "<group>"; };
		4111534C290A9C9200ED22EA /* MoviesData.swift */ = {isa = PBXFileReference; lastKnownFileType = sourcecode.swift; path = MoviesData.swift; sourceTree = "<group>"; };
		4111534E290A9D2C00ED22EA /* NetworkService.swift */ = {isa = PBXFileReference; lastKnownFileType = sourcecode.swift; path = NetworkService.swift; sourceTree = "<group>"; };
		41115353290AD69600ED22EA /* Actor.swift */ = {isa = PBXFileReference; lastKnownFileType = sourcecode.swift; path = Actor.swift; sourceTree = "<group>"; };
		41115355290ADBA100ED22EA /* ActorView.swift */ = {isa = PBXFileReference; lastKnownFileType = sourcecode.swift; path = ActorView.swift; sourceTree = "<group>"; };
		41115357290ADDFC00ED22EA /* InfoMovieCell.swift */ = {isa = PBXFileReference; lastKnownFileType = sourcecode.swift; path = InfoMovieCell.swift; sourceTree = "<group>"; };
		41549B4F290B37F000F8331A /* UIViewController+Extension.swift */ = {isa = PBXFileReference; lastKnownFileType = sourcecode.swift; path = "UIViewController+Extension.swift"; sourceTree = "<group>"; };
		41549B51290B4C0300F8331A /* HomaPageData.swift */ = {isa = PBXFileReference; lastKnownFileType = sourcecode.swift; path = HomaPageData.swift; sourceTree = "<group>"; };
		41549B53290B72C900F8331A /* WKWebViewController.swift */ = {isa = PBXFileReference; lastKnownFileType = sourcecode.swift; path = WKWebViewController.swift; sourceTree = "<group>"; };
		417606D2296C8B4F004665E9 /* PhotoLoadService.swift */ = {isa = PBXFileReference; lastKnownFileType = sourcecode.swift; path = PhotoLoadService.swift; sourceTree = "<group>"; };
		417606D6296C9466004665E9 /* UIView+Extension.swift */ = {isa = PBXFileReference; lastKnownFileType = sourcecode.swift; path = "UIView+Extension.swift"; sourceTree = "<group>"; };
		417606D9296C9E73004665E9 /* MainPresenter.swift */ = {isa = PBXFileReference; lastKnownFileType = sourcecode.swift; path = MainPresenter.swift; sourceTree = "<group>"; };
		41EE31E9296DA8A7005A0EAE /* AssembleBuilder.swift */ = {isa = PBXFileReference; lastKnownFileType = sourcecode.swift; path = AssembleBuilder.swift; sourceTree = "<group>"; };
		41EE31EB296DE4E2005A0EAE /* InfoMoviePresenter.swift */ = {isa = PBXFileReference; lastKnownFileType = sourcecode.swift; path = InfoMoviePresenter.swift; sourceTree = "<group>"; };
		41EE31EF296E04EA005A0EAE /* MainRouter.swift */ = {isa = PBXFileReference; lastKnownFileType = sourcecode.swift; path = MainRouter.swift; sourceTree = "<group>"; };
/* End PBXFileReference section */

/* Begin PBXFrameworksBuildPhase section */
		4111532429080EC400ED22EA /* Frameworks */ = {
			isa = PBXFrameworksBuildPhase;
			buildActionMask = 2147483647;
			files = (
				417606CE296C2BD2004665E9 /* SwiftyJSON in Frameworks */,
				417606CB296C000B004665E9 /* Alamofire in Frameworks */,
			);
			runOnlyForDeploymentPostprocessing = 0;
		};
/* End PBXFrameworksBuildPhase section */

/* Begin PBXGroup section */
		4111531E29080EC300ED22EA = {
			isa = PBXGroup;
			children = (
				4111532929080EC400ED22EA /* movie_REST_API */,
				4111532829080EC400ED22EA /* Products */,
			);
			sourceTree = "<group>";
		};
		4111532829080EC400ED22EA /* Products */ = {
			isa = PBXGroup;
			children = (
				4111532729080EC400ED22EA /* movie_REST_API.app */,
			);
			name = Products;
			sourceTree = "<group>";
		};
		4111532929080EC400ED22EA /* movie_REST_API */ = {
			isa = PBXGroup;
			children = (
				417606E3296D66AD004665E9 /* App */,
				4111533029080EC400ED22EA /* Main.storyboard */,
				4111533529080ECB00ED22EA /* LaunchScreen.storyboard */,
				4111533829080ECB00ED22EA /* Info.plist */,
				4111533329080ECB00ED22EA /* Assets.xcassets */,
			);
			path = movie_REST_API;
			sourceTree = "<group>";
		};
		41115344290A99E100ED22EA /* Controllers */ = {
			isa = PBXGroup;
			children = (
				4111532E29080EC400ED22EA /* MovieViewController.swift */,
				41115345290A9B1000ED22EA /* InfoMovieViewController.swift */,
				41549B53290B72C900F8331A /* WKWebViewController.swift */,
			);
			path = Controllers;
			sourceTree = "<group>";
		};
		41115347290A9BB700ED22EA /* View */ = {
			isa = PBXGroup;
			children = (
				41115348290A9BE100ED22EA /* MovieViewCell.swift */,
				41115357290ADDFC00ED22EA /* InfoMovieCell.swift */,
			);
			path = View;
			sourceTree = "<group>";
		};
		4111534A290A9C7A00ED22EA /* Model */ = {
			isa = PBXGroup;
			children = (
				4111534C290A9C9200ED22EA /* MoviesData.swift */,
				41115353290AD69600ED22EA /* Actor.swift */,
				41549B51290B4C0300F8331A /* HomaPageData.swift */,
			);
			path = Model;
			sourceTree = "<group>";
		};
		4111534B290A9C8100ED22EA /* Service */ = {
			isa = PBXGroup;
			children = (
				417606D5296C9397004665E9 /* NetworkService */,
				417606CF296C8393004665E9 /* PhotoService */,
			);
			path = Service;
			sourceTree = "<group>";
		};
		41115350290A9D9100ED22EA /* ViewModel */ = {
			isa = PBXGroup;
			children = (
				41115355290ADBA100ED22EA /* ActorView.swift */,
			);
			path = ViewModel;
			sourceTree = "<group>";
		};
		41549B4E290B37B200F8331A /* Extension */ = {
			isa = PBXGroup;
			children = (
				41549B4F290B37F000F8331A /* UIViewController+Extension.swift */,
				417606D6296C9466004665E9 /* UIView+Extension.swift */,
			);
			path = Extension;
			sourceTree = "<group>";
		};
		417606CF296C8393004665E9 /* PhotoService */ = {
			isa = PBXGroup;
			children = (
				417606D2296C8B4F004665E9 /* PhotoLoadService.swift */,
			);
			path = PhotoService;
			sourceTree = "<group>";
		};
		417606D5296C9397004665E9 /* NetworkService */ = {
			isa = PBXGroup;
			children = (
				4111534E290A9D2C00ED22EA /* NetworkService.swift */,
			);
			path = NetworkService;
			sourceTree = "<group>";
		};
		417606D8296C9E57004665E9 /* Presenter */ = {
			isa = PBXGroup;
			children = (
				417606D9296C9E73004665E9 /* MainPresenter.swift */,
				41EE31EB296DE4E2005A0EAE /* InfoMoviePresenter.swift */,
			);
			path = Presenter;
			sourceTree = "<group>";
		};
		417606DB296D46DB004665E9 /* Builder */ = {
			isa = PBXGroup;
			children = (
				41EE31E9296DA8A7005A0EAE /* AssembleBuilder.swift */,
			);
			path = Builder;
			sourceTree = "<group>";
		};
		417606DC296D6333004665E9 /* Router */ = {
			isa = PBXGroup;
			children = (
				41EE31EF296E04EA005A0EAE /* MainRouter.swift */,
			);
			path = Router;
			sourceTree = "<group>";
		};
		417606E3296D66AD004665E9 /* App */ = {
			isa = PBXGroup;
			children = (
				4111532C29080EC400ED22EA /* SceneDelegate.swift */,
				4111532A29080EC400ED22EA /* AppDelegate.swift */,
				417606DC296D6333004665E9 /* Router */,
				417606DB296D46DB004665E9 /* Builder */,
				417606D8296C9E57004665E9 /* Presenter */,
				41549B4E290B37B200F8331A /* Extension */,
				4111534B290A9C8100ED22EA /* Service */,
				41115350290A9D9100ED22EA /* ViewModel */,
				4111534A290A9C7A00ED22EA /* Model */,
				41115347290A9BB700ED22EA /* View */,
				41115344290A99E100ED22EA /* Controllers */,
			);
			path = App;
			sourceTree = "<group>";
		};
/* End PBXGroup section */

/* Begin PBXNativeTarget section */
		4111532629080EC400ED22EA /* movie_REST_API */ = {
			isa = PBXNativeTarget;
			buildConfigurationList = 4111533B29080ECB00ED22EA /* Build configuration list for PBXNativeTarget "movie_REST_API" */;
			buildPhases = (
				4111533F2908108200ED22EA /* SwiftLint */,
				4111532329080EC400ED22EA /* Sources */,
				4111532429080EC400ED22EA /* Frameworks */,
				4111532529080EC400ED22EA /* Resources */,
				4111533E2908104000ED22EA /* SwiftFormat */,
			);
			buildRules = (
			);
			dependencies = (
			);
			name = movie_REST_API;
			packageProductDependencies = (
				417606CA296C000B004665E9 /* Alamofire */,
				417606CD296C2BD2004665E9 /* SwiftyJSON */,
			);
			productName = movie_REST_API;
			productReference = 4111532729080EC400ED22EA /* movie_REST_API.app */;
			productType = "com.apple.product-type.application";
		};
/* End PBXNativeTarget section */

/* Begin PBXProject section */
		4111531F29080EC400ED22EA /* Project object */ = {
			isa = PBXProject;
			attributes = {
				BuildIndependentTargetsInParallel = 1;
				LastSwiftUpdateCheck = 1330;
				LastUpgradeCheck = 1330;
				TargetAttributes = {
					4111532629080EC400ED22EA = {
						CreatedOnToolsVersion = 13.3.1;
					};
				};
			};
			buildConfigurationList = 4111532229080EC400ED22EA /* Build configuration list for PBXProject "movie_REST_API" */;
			compatibilityVersion = "Xcode 13.0";
			developmentRegion = en;
			hasScannedForEncodings = 0;
			knownRegions = (
				en,
				Base,
			);
			mainGroup = 4111531E29080EC300ED22EA;
			packageReferences = (
				417606C9296C000B004665E9 /* XCRemoteSwiftPackageReference "Alamofire" */,
				417606CC296C2BD2004665E9 /* XCRemoteSwiftPackageReference "SwiftyJSON" */,
			);
			productRefGroup = 4111532829080EC400ED22EA /* Products */;
			projectDirPath = "";
			projectRoot = "";
			targets = (
				4111532629080EC400ED22EA /* movie_REST_API */,
			);
		};
/* End PBXProject section */

/* Begin PBXResourcesBuildPhase section */
		4111532529080EC400ED22EA /* Resources */ = {
			isa = PBXResourcesBuildPhase;
			buildActionMask = 2147483647;
			files = (
				4111533729080ECB00ED22EA /* LaunchScreen.storyboard in Resources */,
				4111533429080ECB00ED22EA /* Assets.xcassets in Resources */,
				4111533229080EC400ED22EA /* Main.storyboard in Resources */,
			);
			runOnlyForDeploymentPostprocessing = 0;
		};
/* End PBXResourcesBuildPhase section */

/* Begin PBXShellScriptBuildPhase section */
		4111533E2908104000ED22EA /* SwiftFormat */ = {
			isa = PBXShellScriptBuildPhase;
			buildActionMask = 2147483647;
			files = (
			);
			inputFileListPaths = (
			);
			inputPaths = (
			);
			name = SwiftFormat;
			outputFileListPaths = (
			);
			outputPaths = (
			);
			runOnlyForDeploymentPostprocessing = 0;
			shellPath = /bin/sh;
			shellScript = "if which swiftformat >/dev/null; then\n  swiftformat .\nelse\n  echo \"warning: SwiftFormat not installed, download from https://github.com/nicklockwood/SwiftFormat\"\nfi\n\n";
		};
		4111533F2908108200ED22EA /* SwiftLint */ = {
			isa = PBXShellScriptBuildPhase;
			buildActionMask = 2147483647;
			files = (
			);
			inputFileListPaths = (
			);
			inputPaths = (
			);
			name = SwiftLint;
			outputFileListPaths = (
			);
			outputPaths = (
			);
			runOnlyForDeploymentPostprocessing = 0;
			shellPath = /bin/sh;
			shellScript = "if which swiftlint > /dev/null; then\n  swiftlint\nelse\n  echo \"warning: SwiftLint not installed, download from https://github.com/realm/SwiftLint\"\nfi\n";
		};
/* End PBXShellScriptBuildPhase section */

/* Begin PBXSourcesBuildPhase section */
		4111532329080EC400ED22EA /* Sources */ = {
			isa = PBXSourcesBuildPhase;
			buildActionMask = 2147483647;
			files = (
				41115349290A9BE100ED22EA /* MovieViewCell.swift in Sources */,
				41115346290A9B1000ED22EA /* InfoMovieViewController.swift in Sources */,
				41EE31EA296DA8A7005A0EAE /* AssembleBuilder.swift in Sources */,
				417606D7296C9466004665E9 /* UIView+Extension.swift in Sources */,
				4111532F29080EC400ED22EA /* MovieViewController.swift in Sources */,
				41115354290AD69600ED22EA /* Actor.swift in Sources */,
				4111534D290A9C9200ED22EA /* MoviesData.swift in Sources */,
				4111534F290A9D2C00ED22EA /* NetworkService.swift in Sources */,
				4111532B29080EC400ED22EA /* AppDelegate.swift in Sources */,
				41549B50290B37F000F8331A /* UIViewController+Extension.swift in Sources */,
				41549B54290B72CA00F8331A /* WKWebViewController.swift in Sources */,
				41549B52290B4C0300F8331A /* HomaPageData.swift in Sources */,
				417606D3296C8B4F004665E9 /* PhotoLoadService.swift in Sources */,
				41115358290ADDFC00ED22EA /* InfoMovieCell.swift in Sources */,
				41EE31EC296DE4E2005A0EAE /* InfoMoviePresenter.swift in Sources */,
				41115356290ADBA100ED22EA /* ActorView.swift in Sources */,
				4111532D29080EC400ED22EA /* SceneDelegate.swift in Sources */,
				417606DA296C9E73004665E9 /* MainPresenter.swift in Sources */,
				41EE31F0296E04EA005A0EAE /* MainRouter.swift in Sources */,
			);
			runOnlyForDeploymentPostprocessing = 0;
		};
/* End PBXSourcesBuildPhase section */

/* Begin PBXVariantGroup section */
		4111533029080EC400ED22EA /* Main.storyboard */ = {
			isa = PBXVariantGroup;
			children = (
				4111533129080EC400ED22EA /* Base */,
			);
			name = Main.storyboard;
			sourceTree = "<group>";
		};
		4111533529080ECB00ED22EA /* LaunchScreen.storyboard */ = {
			isa = PBXVariantGroup;
			children = (
				4111533629080ECB00ED22EA /* Base */,
			);
			name = LaunchScreen.storyboard;
			sourceTree = "<group>";
		};
/* End PBXVariantGroup section */

/* Begin XCBuildConfiguration section */
		4111533929080ECB00ED22EA /* Debug */ = {
			isa = XCBuildConfiguration;
			buildSettings = {
				ALWAYS_SEARCH_USER_PATHS = NO;
				CLANG_ANALYZER_NONNULL = YES;
				CLANG_ANALYZER_NUMBER_OBJECT_CONVERSION = YES_AGGRESSIVE;
				CLANG_CXX_LANGUAGE_STANDARD = "gnu++17";
				CLANG_ENABLE_MODULES = YES;
				CLANG_ENABLE_OBJC_ARC = YES;
				CLANG_ENABLE_OBJC_WEAK = YES;
				CLANG_WARN_BLOCK_CAPTURE_AUTORELEASING = YES;
				CLANG_WARN_BOOL_CONVERSION = YES;
				CLANG_WARN_COMMA = YES;
				CLANG_WARN_CONSTANT_CONVERSION = YES;
				CLANG_WARN_DEPRECATED_OBJC_IMPLEMENTATIONS = YES;
				CLANG_WARN_DIRECT_OBJC_ISA_USAGE = YES_ERROR;
				CLANG_WARN_DOCUMENTATION_COMMENTS = YES;
				CLANG_WARN_EMPTY_BODY = YES;
				CLANG_WARN_ENUM_CONVERSION = YES;
				CLANG_WARN_INFINITE_RECURSION = YES;
				CLANG_WARN_INT_CONVERSION = YES;
				CLANG_WARN_NON_LITERAL_NULL_CONVERSION = YES;
				CLANG_WARN_OBJC_IMPLICIT_RETAIN_SELF = YES;
				CLANG_WARN_OBJC_LITERAL_CONVERSION = YES;
				CLANG_WARN_OBJC_ROOT_CLASS = YES_ERROR;
				CLANG_WARN_QUOTED_INCLUDE_IN_FRAMEWORK_HEADER = YES;
				CLANG_WARN_RANGE_LOOP_ANALYSIS = YES;
				CLANG_WARN_STRICT_PROTOTYPES = YES;
				CLANG_WARN_SUSPICIOUS_MOVE = YES;
				CLANG_WARN_UNGUARDED_AVAILABILITY = YES_AGGRESSIVE;
				CLANG_WARN_UNREACHABLE_CODE = YES;
				CLANG_WARN__DUPLICATE_METHOD_MATCH = YES;
				COPY_PHASE_STRIP = NO;
				DEBUG_INFORMATION_FORMAT = dwarf;
				ENABLE_STRICT_OBJC_MSGSEND = YES;
				ENABLE_TESTABILITY = YES;
				GCC_C_LANGUAGE_STANDARD = gnu11;
				GCC_DYNAMIC_NO_PIC = NO;
				GCC_NO_COMMON_BLOCKS = YES;
				GCC_OPTIMIZATION_LEVEL = 0;
				GCC_PREPROCESSOR_DEFINITIONS = (
					"DEBUG=1",
					"$(inherited)",
				);
				GCC_WARN_64_TO_32_BIT_CONVERSION = YES;
				GCC_WARN_ABOUT_RETURN_TYPE = YES_ERROR;
				GCC_WARN_UNDECLARED_SELECTOR = YES;
				GCC_WARN_UNINITIALIZED_AUTOS = YES_AGGRESSIVE;
				GCC_WARN_UNUSED_FUNCTION = YES;
				GCC_WARN_UNUSED_VARIABLE = YES;
				IPHONEOS_DEPLOYMENT_TARGET = 15.4;
				MTL_ENABLE_DEBUG_INFO = INCLUDE_SOURCE;
				MTL_FAST_MATH = YES;
				ONLY_ACTIVE_ARCH = YES;
				SDKROOT = iphoneos;
				SWIFT_ACTIVE_COMPILATION_CONDITIONS = DEBUG;
				SWIFT_OPTIMIZATION_LEVEL = "-Onone";
			};
			name = Debug;
		};
		4111533A29080ECB00ED22EA /* Release */ = {
			isa = XCBuildConfiguration;
			buildSettings = {
				ALWAYS_SEARCH_USER_PATHS = NO;
				CLANG_ANALYZER_NONNULL = YES;
				CLANG_ANALYZER_NUMBER_OBJECT_CONVERSION = YES_AGGRESSIVE;
				CLANG_CXX_LANGUAGE_STANDARD = "gnu++17";
				CLANG_ENABLE_MODULES = YES;
				CLANG_ENABLE_OBJC_ARC = YES;
				CLANG_ENABLE_OBJC_WEAK = YES;
				CLANG_WARN_BLOCK_CAPTURE_AUTORELEASING = YES;
				CLANG_WARN_BOOL_CONVERSION = YES;
				CLANG_WARN_COMMA = YES;
				CLANG_WARN_CONSTANT_CONVERSION = YES;
				CLANG_WARN_DEPRECATED_OBJC_IMPLEMENTATIONS = YES;
				CLANG_WARN_DIRECT_OBJC_ISA_USAGE = YES_ERROR;
				CLANG_WARN_DOCUMENTATION_COMMENTS = YES;
				CLANG_WARN_EMPTY_BODY = YES;
				CLANG_WARN_ENUM_CONVERSION = YES;
				CLANG_WARN_INFINITE_RECURSION = YES;
				CLANG_WARN_INT_CONVERSION = YES;
				CLANG_WARN_NON_LITERAL_NULL_CONVERSION = YES;
				CLANG_WARN_OBJC_IMPLICIT_RETAIN_SELF = YES;
				CLANG_WARN_OBJC_LITERAL_CONVERSION = YES;
				CLANG_WARN_OBJC_ROOT_CLASS = YES_ERROR;
				CLANG_WARN_QUOTED_INCLUDE_IN_FRAMEWORK_HEADER = YES;
				CLANG_WARN_RANGE_LOOP_ANALYSIS = YES;
				CLANG_WARN_STRICT_PROTOTYPES = YES;
				CLANG_WARN_SUSPICIOUS_MOVE = YES;
				CLANG_WARN_UNGUARDED_AVAILABILITY = YES_AGGRESSIVE;
				CLANG_WARN_UNREACHABLE_CODE = YES;
				CLANG_WARN__DUPLICATE_METHOD_MATCH = YES;
				COPY_PHASE_STRIP = NO;
				DEBUG_INFORMATION_FORMAT = "dwarf-with-dsym";
				ENABLE_NS_ASSERTIONS = NO;
				ENABLE_STRICT_OBJC_MSGSEND = YES;
				GCC_C_LANGUAGE_STANDARD = gnu11;
				GCC_NO_COMMON_BLOCKS = YES;
				GCC_WARN_64_TO_32_BIT_CONVERSION = YES;
				GCC_WARN_ABOUT_RETURN_TYPE = YES_ERROR;
				GCC_WARN_UNDECLARED_SELECTOR = YES;
				GCC_WARN_UNINITIALIZED_AUTOS = YES_AGGRESSIVE;
				GCC_WARN_UNUSED_FUNCTION = YES;
				GCC_WARN_UNUSED_VARIABLE = YES;
				IPHONEOS_DEPLOYMENT_TARGET = 15.4;
				MTL_ENABLE_DEBUG_INFO = NO;
				MTL_FAST_MATH = YES;
				SDKROOT = iphoneos;
				SWIFT_COMPILATION_MODE = wholemodule;
				SWIFT_OPTIMIZATION_LEVEL = "-O";
				VALIDATE_PRODUCT = YES;
			};
			name = Release;
		};
		4111533C29080ECB00ED22EA /* Debug */ = {
			isa = XCBuildConfiguration;
			buildSettings = {
				ASSETCATALOG_COMPILER_APPICON_NAME = AppIcon;
				ASSETCATALOG_COMPILER_GLOBAL_ACCENT_COLOR_NAME = AccentColor;
				CODE_SIGN_STYLE = Automatic;
				CURRENT_PROJECT_VERSION = 1;
				GENERATE_INFOPLIST_FILE = YES;
				INFOPLIST_FILE = movie_REST_API/Info.plist;
				INFOPLIST_KEY_UIApplicationSupportsIndirectInputEvents = YES;
				INFOPLIST_KEY_UILaunchStoryboardName = LaunchScreen;
				INFOPLIST_KEY_UIMainStoryboardFile = Main;
				INFOPLIST_KEY_UISupportedInterfaceOrientations_iPad = "UIInterfaceOrientationPortrait UIInterfaceOrientationPortraitUpsideDown UIInterfaceOrientationLandscapeLeft UIInterfaceOrientationLandscapeRight";
				INFOPLIST_KEY_UISupportedInterfaceOrientations_iPhone = "UIInterfaceOrientationPortrait UIInterfaceOrientationLandscapeLeft UIInterfaceOrientationLandscapeRight";
				LD_RUNPATH_SEARCH_PATHS = (
					"$(inherited)",
					"@executable_path/Frameworks",
				);
				MARKETING_VERSION = 1.0;
				PRODUCT_BUNDLE_IDENTIFIER = "ItAnanans.movie-REST-API";
				PRODUCT_NAME = "$(TARGET_NAME)";
				SWIFT_EMIT_LOC_STRINGS = YES;
				SWIFT_VERSION = 5.0;
				TARGETED_DEVICE_FAMILY = "1,2";
			};
			name = Debug;
		};
		4111533D29080ECB00ED22EA /* Release */ = {
			isa = XCBuildConfiguration;
			buildSettings = {
				ASSETCATALOG_COMPILER_APPICON_NAME = AppIcon;
				ASSETCATALOG_COMPILER_GLOBAL_ACCENT_COLOR_NAME = AccentColor;
				CODE_SIGN_STYLE = Automatic;
				CURRENT_PROJECT_VERSION = 1;
				GENERATE_INFOPLIST_FILE = YES;
				INFOPLIST_FILE = movie_REST_API/Info.plist;
				INFOPLIST_KEY_UIApplicationSupportsIndirectInputEvents = YES;
				INFOPLIST_KEY_UILaunchStoryboardName = LaunchScreen;
				INFOPLIST_KEY_UIMainStoryboardFile = Main;
				INFOPLIST_KEY_UISupportedInterfaceOrientations_iPad = "UIInterfaceOrientationPortrait UIInterfaceOrientationPortraitUpsideDown UIInterfaceOrientationLandscapeLeft UIInterfaceOrientationLandscapeRight";
				INFOPLIST_KEY_UISupportedInterfaceOrientations_iPhone = "UIInterfaceOrientationPortrait UIInterfaceOrientationLandscapeLeft UIInterfaceOrientationLandscapeRight";
				LD_RUNPATH_SEARCH_PATHS = (
					"$(inherited)",
					"@executable_path/Frameworks",
				);
				MARKETING_VERSION = 1.0;
				PRODUCT_BUNDLE_IDENTIFIER = "ItAnanans.movie-REST-API";
				PRODUCT_NAME = "$(TARGET_NAME)";
				SWIFT_EMIT_LOC_STRINGS = YES;
				SWIFT_VERSION = 5.0;
				TARGETED_DEVICE_FAMILY = "1,2";
			};
			name = Release;
		};
/* End XCBuildConfiguration section */

/* Begin XCConfigurationList section */
		4111532229080EC400ED22EA /* Build configuration list for PBXProject "movie_REST_API" */ = {
			isa = XCConfigurationList;
			buildConfigurations = (
				4111533929080ECB00ED22EA /* Debug */,
				4111533A29080ECB00ED22EA /* Release */,
			);
			defaultConfigurationIsVisible = 0;
			defaultConfigurationName = Release;
		};
		4111533B29080ECB00ED22EA /* Build configuration list for PBXNativeTarget "movie_REST_API" */ = {
			isa = XCConfigurationList;
			buildConfigurations = (
				4111533C29080ECB00ED22EA /* Debug */,
				4111533D29080ECB00ED22EA /* Release */,
			);
			defaultConfigurationIsVisible = 0;
			defaultConfigurationName = Release;
		};
/* End XCConfigurationList section */

/* Begin XCRemoteSwiftPackageReference section */
		417606C9296C000B004665E9 /* XCRemoteSwiftPackageReference "Alamofire" */ = {
			isa = XCRemoteSwiftPackageReference;
			repositoryURL = "https://github.com/Alamofire/Alamofire.git";
			requirement = {
				kind = upToNextMajorVersion;
				minimumVersion = 5.0.0;
			};
		};
		417606CC296C2BD2004665E9 /* XCRemoteSwiftPackageReference "SwiftyJSON" */ = {
			isa = XCRemoteSwiftPackageReference;
			repositoryURL = "https://github.com/SwiftyJSON/SwiftyJSON.git";
			requirement = {
				kind = upToNextMajorVersion;
				minimumVersion = 5.0.0;
			};
		};
/* End XCRemoteSwiftPackageReference section */

/* Begin XCSwiftPackageProductDependency section */
		417606CA296C000B004665E9 /* Alamofire */ = {
			isa = XCSwiftPackageProductDependency;
			package = 417606C9296C000B004665E9 /* XCRemoteSwiftPackageReference "Alamofire" */;
			productName = Alamofire;
		};
		417606CD296C2BD2004665E9 /* SwiftyJSON */ = {
			isa = XCSwiftPackageProductDependency;
			package = 417606CC296C2BD2004665E9 /* XCRemoteSwiftPackageReference "SwiftyJSON" */;
			productName = SwiftyJSON;
		};
/* End XCSwiftPackageProductDependency section */
	};
	rootObject = 4111531F29080EC400ED22EA /* Project object */;
}
